// !$*UTF8*$!
{
	archiveVersion = 1;
	classes = {
	};
	objectVersion = 50;
	objects = {

/* Begin PBXBuildFile section */
		FA5B6AEA2662D3CA006461A0 /* AssetNavigationLink.swift in Sources */ = {isa = PBXBuildFile; fileRef = FA5B6AE92662D3CA006461A0 /* AssetNavigationLink.swift */; };
		FAB57F3826EA708200DEAD76 /* Collection+Identifiable.swift in Sources */ = {isa = PBXBuildFile; fileRef = FAB57F3726EA708200DEAD76 /* Collection+Identifiable.swift */; };
		FAB57F3B26EA806700DEAD76 /* PointsOfInterestTable.swift in Sources */ = {isa = PBXBuildFile; fileRef = FAB57F3A26EA806700DEAD76 /* PointsOfInterestTable.swift */; };
		FAB57F4126EBA06A00DEAD76 /* ShuffleSection.swift in Sources */ = {isa = PBXBuildFile; fileRef = FAB57F4026EBA06A00DEAD76 /* ShuffleSection.swift */; };
		FAB57F4426EBACF700DEAD76 /* ShuffleNavigationLink.swift in Sources */ = {isa = PBXBuildFile; fileRef = FAB57F4326EBACF700DEAD76 /* ShuffleNavigationLink.swift */; };
		FAB57F4726EC500800DEAD76 /* Asset+VideoVariant.swift in Sources */ = {isa = PBXBuildFile; fileRef = FAB57F4626EC500800DEAD76 /* Asset+VideoVariant.swift */; };
		FAB57F4A26ECE9CA00DEAD76 /* Asset+LocalizedPointOfInterest.swift in Sources */ = {isa = PBXBuildFile; fileRef = FAB57F4926ECE9CA00DEAD76 /* Asset+LocalizedPointOfInterest.swift */; };
		FAB57F4D26ED069D00DEAD76 /* SidebarSectionHeader.swift in Sources */ = {isa = PBXBuildFile; fileRef = FAB57F4C26ED069D00DEAD76 /* SidebarSectionHeader.swift */; };
		FAFE98FE2650907100FDDD2E /* ForestApp.swift in Sources */ = {isa = PBXBuildFile; fileRef = FAFE98EB2650906F00FDDD2E /* ForestApp.swift */; };
		FAFE99002650907100FDDD2E /* ContentView.swift in Sources */ = {isa = PBXBuildFile; fileRef = FAFE98EC2650906F00FDDD2E /* ContentView.swift */; };
		FAFE99022650907100FDDD2E /* Assets.xcassets in Resources */ = {isa = PBXBuildFile; fileRef = FAFE98ED2650907100FDDD2E /* Assets.xcassets */; };
		FAFE990D265098FD00FDDD2E /* Resources.swift in Sources */ = {isa = PBXBuildFile; fileRef = FAFE990C265098FD00FDDD2E /* Resources.swift */; };
		FAFE99102650997500FDDD2E /* Tar.swift in Sources */ = {isa = PBXBuildFile; fileRef = FAFE990F2650997500FDDD2E /* Tar.swift */; };
		FAFE991326509B6500FDDD2E /* Entries.swift in Sources */ = {isa = PBXBuildFile; fileRef = FAFE991226509B6500FDDD2E /* Entries.swift */; };
		FAFE991626509C2D00FDDD2E /* PlayerView.swift in Sources */ = {isa = PBXBuildFile; fileRef = FAFE991526509C2D00FDDD2E /* PlayerView.swift */; };
		FAFE991E26509F9400FDDD2E /* AssociatedAssetsView.swift in Sources */ = {isa = PBXBuildFile; fileRef = FAFE991D26509F9400FDDD2E /* AssociatedAssetsView.swift */; };
		FAFE99212650A02900FDDD2E /* AssetView.swift in Sources */ = {isa = PBXBuildFile; fileRef = FAFE99202650A02900FDDD2E /* AssetView.swift */; };
/* End PBXBuildFile section */

/* Begin PBXFileReference section */
		FA5B6AE92662D3CA006461A0 /* AssetNavigationLink.swift */ = {isa = PBXFileReference; lastKnownFileType = sourcecode.swift; path = AssetNavigationLink.swift; sourceTree = "<group>"; };
		FAB57F3726EA708200DEAD76 /* Collection+Identifiable.swift */ = {isa = PBXFileReference; lastKnownFileType = sourcecode.swift; path = "Collection+Identifiable.swift"; sourceTree = "<group>"; };
		FAB57F3A26EA806700DEAD76 /* PointsOfInterestTable.swift */ = {isa = PBXFileReference; lastKnownFileType = sourcecode.swift; path = PointsOfInterestTable.swift; sourceTree = "<group>"; };
		FAB57F4026EBA06A00DEAD76 /* ShuffleSection.swift */ = {isa = PBXFileReference; lastKnownFileType = sourcecode.swift; path = ShuffleSection.swift; sourceTree = "<group>"; };
		FAB57F4326EBACF700DEAD76 /* ShuffleNavigationLink.swift */ = {isa = PBXFileReference; lastKnownFileType = sourcecode.swift; path = ShuffleNavigationLink.swift; sourceTree = "<group>"; };
		FAB57F4626EC500800DEAD76 /* Asset+VideoVariant.swift */ = {isa = PBXFileReference; lastKnownFileType = sourcecode.swift; path = "Asset+VideoVariant.swift"; sourceTree = "<group>"; };
		FAB57F4926ECE9CA00DEAD76 /* Asset+LocalizedPointOfInterest.swift */ = {isa = PBXFileReference; lastKnownFileType = sourcecode.swift; path = "Asset+LocalizedPointOfInterest.swift"; sourceTree = "<group>"; };
		FAB57F4C26ED069D00DEAD76 /* SidebarSectionHeader.swift */ = {isa = PBXFileReference; lastKnownFileType = sourcecode.swift; path = SidebarSectionHeader.swift; sourceTree = "<group>"; };
		FAFE98EB2650906F00FDDD2E /* ForestApp.swift */ = {isa = PBXFileReference; lastKnownFileType = sourcecode.swift; path = ForestApp.swift; sourceTree = "<group>"; };
		FAFE98EC2650906F00FDDD2E /* ContentView.swift */ = {isa = PBXFileReference; lastKnownFileType = sourcecode.swift; path = ContentView.swift; sourceTree = "<group>"; };
		FAFE98ED2650907100FDDD2E /* Assets.xcassets */ = {isa = PBXFileReference; lastKnownFileType = folder.assetcatalog; path = Assets.xcassets; sourceTree = "<group>"; };
		FAFE98F22650907100FDDD2E /* Forest.app */ = {isa = PBXFileReference; explicitFileType = wrapper.application; includeInIndex = 0; path = Forest.app; sourceTree = BUILT_PRODUCTS_DIR; };
		FAFE98F52650907100FDDD2E /* Info.plist */ = {isa = PBXFileReference; lastKnownFileType = text.plist.xml; path = Info.plist; sourceTree = "<group>"; };
		FAFE98FD2650907100FDDD2E /* Forest.entitlements */ = {isa = PBXFileReference; lastKnownFileType = text.plist.entitlements; path = Forest.entitlements; sourceTree = "<group>"; };
		FAFE990C265098FD00FDDD2E /* Resources.swift */ = {isa = PBXFileReference; lastKnownFileType = sourcecode.swift; path = Resources.swift; sourceTree = "<group>"; };
		FAFE990F2650997500FDDD2E /* Tar.swift */ = {isa = PBXFileReference; lastKnownFileType = sourcecode.swift; path = Tar.swift; sourceTree = "<group>"; };
		FAFE991226509B6500FDDD2E /* Entries.swift */ = {isa = PBXFileReference; lastKnownFileType = sourcecode.swift; path = Entries.swift; sourceTree = "<group>"; };
		FAFE991526509C2D00FDDD2E /* PlayerView.swift */ = {isa = PBXFileReference; lastKnownFileType = sourcecode.swift; path = PlayerView.swift; sourceTree = "<group>"; };
		FAFE991D26509F9400FDDD2E /* AssociatedAssetsView.swift */ = {isa = PBXFileReference; lastKnownFileType = sourcecode.swift; path = AssociatedAssetsView.swift; sourceTree = "<group>"; };
		FAFE99202650A02900FDDD2E /* AssetView.swift */ = {isa = PBXFileReference; lastKnownFileType = sourcecode.swift; path = AssetView.swift; sourceTree = "<group>"; };
/* End PBXFileReference section */

/* Begin PBXFrameworksBuildPhase section */
		FAFE98EF2650907100FDDD2E /* Frameworks */ = {
			isa = PBXFrameworksBuildPhase;
			buildActionMask = 2147483647;
			files = (
			);
			runOnlyForDeploymentPostprocessing = 0;
		};
/* End PBXFrameworksBuildPhase section */

/* Begin PBXGroup section */
		FAFE98E52650906F00FDDD2E = {
			isa = PBXGroup;
			children = (
				FAFE98EA2650906F00FDDD2E /* Forest */,
				FAFE98F32650907100FDDD2E /* Products */,
			);
			sourceTree = "<group>";
		};
		FAFE98EA2650906F00FDDD2E /* Forest */ = {
			isa = PBXGroup;
			children = (
				FAFE991826509D9B00FDDD2E /* App */,
				FAFE991926509DA300FDDD2E /* UI */,
				FAFE990C265098FD00FDDD2E /* Resources.swift */,
				FAFE991226509B6500FDDD2E /* Entries.swift */,
				FAB57F3726EA708200DEAD76 /* Collection+Identifiable.swift */,
				FAB57F4626EC500800DEAD76 /* Asset+VideoVariant.swift */,
				FAB57F4926ECE9CA00DEAD76 /* Asset+LocalizedPointOfInterest.swift */,
				FAFE990F2650997500FDDD2E /* Tar.swift */,
				FAFE98ED2650907100FDDD2E /* Assets.xcassets */,
				FAFE98F52650907100FDDD2E /* Info.plist */,
				FAFE98FD2650907100FDDD2E /* Forest.entitlements */,
			);
			path = Forest;
			sourceTree = "<group>";
		};
		FAFE98F32650907100FDDD2E /* Products */ = {
			isa = PBXGroup;
			children = (
				FAFE98F22650907100FDDD2E /* Forest.app */,
			);
			name = Products;
			sourceTree = "<group>";
		};
		FAFE991826509D9B00FDDD2E /* App */ = {
			isa = PBXGroup;
			children = (
				FAFE98EB2650906F00FDDD2E /* ForestApp.swift */,
			);
			path = App;
			sourceTree = "<group>";
		};
		FAFE991926509DA300FDDD2E /* UI */ = {
			isa = PBXGroup;
			children = (
				FAFE98EC2650906F00FDDD2E /* ContentView.swift */,
				FAB57F4C26ED069D00DEAD76 /* SidebarSectionHeader.swift */,
				FAB57F4026EBA06A00DEAD76 /* ShuffleSection.swift */,
				FAB57F4326EBACF700DEAD76 /* ShuffleNavigationLink.swift */,
				FAFE991D26509F9400FDDD2E /* AssociatedAssetsView.swift */,
				FA5B6AE92662D3CA006461A0 /* AssetNavigationLink.swift */,
				FAFE99202650A02900FDDD2E /* AssetView.swift */,
				FAB57F3A26EA806700DEAD76 /* PointsOfInterestTable.swift */,
				FAFE991526509C2D00FDDD2E /* PlayerView.swift */,
			);
			path = UI;
			sourceTree = "<group>";
		};
/* End PBXGroup section */

/* Begin PBXNativeTarget section */
		FAFE98F12650907100FDDD2E /* Forest */ = {
			isa = PBXNativeTarget;
			buildConfigurationList = FAFE99062650907100FDDD2E /* Build configuration list for PBXNativeTarget "Forest" */;
			buildPhases = (
				FAFE98EE2650907100FDDD2E /* Sources */,
				FAFE98EF2650907100FDDD2E /* Frameworks */,
				FAFE98F02650907100FDDD2E /* Resources */,
			);
			buildRules = (
			);
			dependencies = (
			);
			name = Forest;
			productName = "Forest (iOS)";
			productReference = FAFE98F22650907100FDDD2E /* Forest.app */;
			productType = "com.apple.product-type.application";
		};
/* End PBXNativeTarget section */

/* Begin PBXProject section */
		FAFE98E62650906F00FDDD2E /* Project object */ = {
			isa = PBXProject;
			attributes = {
				LastSwiftUpdateCheck = 1250;
				LastUpgradeCheck = 1250;
				ORGANIZATIONNAME = Leptos;
				TargetAttributes = {
					FAFE98F12650907100FDDD2E = {
						CreatedOnToolsVersion = 12.5;
					};
				};
			};
			buildConfigurationList = FAFE98E92650906F00FDDD2E /* Build configuration list for PBXProject "Forest" */;
			compatibilityVersion = "Xcode 9.3";
			developmentRegion = en;
			hasScannedForEncodings = 0;
			knownRegions = (
				en,
				Base,
			);
			mainGroup = FAFE98E52650906F00FDDD2E;
			productRefGroup = FAFE98F32650907100FDDD2E /* Products */;
			projectDirPath = "";
			projectRoot = "";
			targets = (
				FAFE98F12650907100FDDD2E /* Forest */,
			);
		};
/* End PBXProject section */

/* Begin PBXResourcesBuildPhase section */
		FAFE98F02650907100FDDD2E /* Resources */ = {
			isa = PBXResourcesBuildPhase;
			buildActionMask = 2147483647;
			files = (
				FAFE99022650907100FDDD2E /* Assets.xcassets in Resources */,
			);
			runOnlyForDeploymentPostprocessing = 0;
		};
/* End PBXResourcesBuildPhase section */

/* Begin PBXSourcesBuildPhase section */
		FAFE98EE2650907100FDDD2E /* Sources */ = {
			isa = PBXSourcesBuildPhase;
			buildActionMask = 2147483647;
			files = (
				FAFE99002650907100FDDD2E /* ContentView.swift in Sources */,
				FAFE990D265098FD00FDDD2E /* Resources.swift in Sources */,
				FAFE99212650A02900FDDD2E /* AssetView.swift in Sources */,
				FAFE991326509B6500FDDD2E /* Entries.swift in Sources */,
				FAB57F4726EC500800DEAD76 /* Asset+VideoVariant.swift in Sources */,
				FAB57F4126EBA06A00DEAD76 /* ShuffleSection.swift in Sources */,
				FAB57F4426EBACF700DEAD76 /* ShuffleNavigationLink.swift in Sources */,
				FAFE991E26509F9400FDDD2E /* AssociatedAssetsView.swift in Sources */,
				FAB57F3826EA708200DEAD76 /* Collection+Identifiable.swift in Sources */,
				FAFE991626509C2D00FDDD2E /* PlayerView.swift in Sources */,
				FA5B6AEA2662D3CA006461A0 /* AssetNavigationLink.swift in Sources */,
				FAB57F3B26EA806700DEAD76 /* PointsOfInterestTable.swift in Sources */,
				FAFE98FE2650907100FDDD2E /* ForestApp.swift in Sources */,
				FAB57F4D26ED069D00DEAD76 /* SidebarSectionHeader.swift in Sources */,
				FAFE99102650997500FDDD2E /* Tar.swift in Sources */,
				FAB57F4A26ECE9CA00DEAD76 /* Asset+LocalizedPointOfInterest.swift in Sources */,
			);
			runOnlyForDeploymentPostprocessing = 0;
		};
/* End PBXSourcesBuildPhase section */

/* Begin XCBuildConfiguration section */
		FAFE99042650907100FDDD2E /* Debug */ = {
			isa = XCBuildConfiguration;
			buildSettings = {
				ALWAYS_SEARCH_USER_PATHS = NO;
				CLANG_ANALYZER_NONNULL = YES;
				CLANG_ANALYZER_NUMBER_OBJECT_CONVERSION = YES_AGGRESSIVE;
				CLANG_CXX_LANGUAGE_STANDARD = "gnu++14";
				CLANG_CXX_LIBRARY = "libc++";
				CLANG_ENABLE_MODULES = YES;
				CLANG_ENABLE_OBJC_ARC = YES;
				CLANG_ENABLE_OBJC_WEAK = YES;
				CLANG_WARN_BLOCK_CAPTURE_AUTORELEASING = YES;
				CLANG_WARN_BOOL_CONVERSION = YES;
				CLANG_WARN_COMMA = YES;
				CLANG_WARN_CONSTANT_CONVERSION = YES;
				CLANG_WARN_DEPRECATED_OBJC_IMPLEMENTATIONS = YES;
				CLANG_WARN_DIRECT_OBJC_ISA_USAGE = YES_ERROR;
				CLANG_WARN_DOCUMENTATION_COMMENTS = YES;
				CLANG_WARN_EMPTY_BODY = YES;
				CLANG_WARN_ENUM_CONVERSION = YES;
				CLANG_WARN_INFINITE_RECURSION = YES;
				CLANG_WARN_INT_CONVERSION = YES;
				CLANG_WARN_NON_LITERAL_NULL_CONVERSION = YES;
				CLANG_WARN_OBJC_IMPLICIT_RETAIN_SELF = YES;
				CLANG_WARN_OBJC_LITERAL_CONVERSION = YES;
				CLANG_WARN_OBJC_ROOT_CLASS = YES_ERROR;
				CLANG_WARN_QUOTED_INCLUDE_IN_FRAMEWORK_HEADER = YES;
				CLANG_WARN_RANGE_LOOP_ANALYSIS = YES;
				CLANG_WARN_STRICT_PROTOTYPES = YES;
				CLANG_WARN_SUSPICIOUS_MOVE = YES;
				CLANG_WARN_UNGUARDED_AVAILABILITY = YES_AGGRESSIVE;
				CLANG_WARN_UNREACHABLE_CODE = YES;
				CLANG_WARN__DUPLICATE_METHOD_MATCH = YES;
				COPY_PHASE_STRIP = NO;
				CURRENT_PROJECT_VERSION = 1;
				DEBUG_INFORMATION_FORMAT = dwarf;
				ENABLE_STRICT_OBJC_MSGSEND = YES;
				ENABLE_TESTABILITY = YES;
				GCC_C_LANGUAGE_STANDARD = gnu11;
				GCC_DYNAMIC_NO_PIC = NO;
				GCC_NO_COMMON_BLOCKS = YES;
				GCC_OPTIMIZATION_LEVEL = 0;
				GCC_PREPROCESSOR_DEFINITIONS = (
					"DEBUG=1",
					"$(inherited)",
				);
				GCC_WARN_64_TO_32_BIT_CONVERSION = YES;
				GCC_WARN_ABOUT_RETURN_TYPE = YES_ERROR;
				GCC_WARN_UNDECLARED_SELECTOR = YES;
				GCC_WARN_UNINITIALIZED_AUTOS = YES_AGGRESSIVE;
				GCC_WARN_UNUSED_FUNCTION = YES;
				GCC_WARN_UNUSED_VARIABLE = YES;
				MARKETING_VERSION = 1.0;
				MTL_ENABLE_DEBUG_INFO = INCLUDE_SOURCE;
				MTL_FAST_MATH = YES;
				ONLY_ACTIVE_ARCH = YES;
				SWIFT_ACTIVE_COMPILATION_CONDITIONS = DEBUG;
				SWIFT_OPTIMIZATION_LEVEL = "-Onone";
			};
			name = Debug;
		};
		FAFE99052650907100FDDD2E /* Release */ = {
			isa = XCBuildConfiguration;
			buildSettings = {
				ALWAYS_SEARCH_USER_PATHS = NO;
				CLANG_ANALYZER_NONNULL = YES;
				CLANG_ANALYZER_NUMBER_OBJECT_CONVERSION = YES_AGGRESSIVE;
				CLANG_CXX_LANGUAGE_STANDARD = "gnu++14";
				CLANG_CXX_LIBRARY = "libc++";
				CLANG_ENABLE_MODULES = YES;
				CLANG_ENABLE_OBJC_ARC = YES;
				CLANG_ENABLE_OBJC_WEAK = YES;
				CLANG_WARN_BLOCK_CAPTURE_AUTORELEASING = YES;
				CLANG_WARN_BOOL_CONVERSION = YES;
				CLANG_WARN_COMMA = YES;
				CLANG_WARN_CONSTANT_CONVERSION = YES;
				CLANG_WARN_DEPRECATED_OBJC_IMPLEMENTATIONS = YES;
				CLANG_WARN_DIRECT_OBJC_ISA_USAGE = YES_ERROR;
				CLANG_WARN_DOCUMENTATION_COMMENTS = YES;
				CLANG_WARN_EMPTY_BODY = YES;
				CLANG_WARN_ENUM_CONVERSION = YES;
				CLANG_WARN_INFINITE_RECURSION = YES;
				CLANG_WARN_INT_CONVERSION = YES;
				CLANG_WARN_NON_LITERAL_NULL_CONVERSION = YES;
				CLANG_WARN_OBJC_IMPLICIT_RETAIN_SELF = YES;
				CLANG_WARN_OBJC_LITERAL_CONVERSION = YES;
				CLANG_WARN_OBJC_ROOT_CLASS = YES_ERROR;
				CLANG_WARN_QUOTED_INCLUDE_IN_FRAMEWORK_HEADER = YES;
				CLANG_WARN_RANGE_LOOP_ANALYSIS = YES;
				CLANG_WARN_STRICT_PROTOTYPES = YES;
				CLANG_WARN_SUSPICIOUS_MOVE = YES;
				CLANG_WARN_UNGUARDED_AVAILABILITY = YES_AGGRESSIVE;
				CLANG_WARN_UNREACHABLE_CODE = YES;
				CLANG_WARN__DUPLICATE_METHOD_MATCH = YES;
				COPY_PHASE_STRIP = NO;
				CURRENT_PROJECT_VERSION = 1;
				DEBUG_INFORMATION_FORMAT = "dwarf-with-dsym";
				ENABLE_NS_ASSERTIONS = NO;
				ENABLE_STRICT_OBJC_MSGSEND = YES;
				GCC_C_LANGUAGE_STANDARD = gnu11;
				GCC_NO_COMMON_BLOCKS = YES;
				GCC_WARN_64_TO_32_BIT_CONVERSION = YES;
				GCC_WARN_ABOUT_RETURN_TYPE = YES_ERROR;
				GCC_WARN_UNDECLARED_SELECTOR = YES;
				GCC_WARN_UNINITIALIZED_AUTOS = YES_AGGRESSIVE;
				GCC_WARN_UNUSED_FUNCTION = YES;
				GCC_WARN_UNUSED_VARIABLE = YES;
				MARKETING_VERSION = 1.0;
				MTL_ENABLE_DEBUG_INFO = NO;
				MTL_FAST_MATH = YES;
				SWIFT_COMPILATION_MODE = wholemodule;
				SWIFT_OPTIMIZATION_LEVEL = "-O";
			};
			name = Release;
		};
		FAFE99072650907100FDDD2E /* Debug */ = {
			isa = XCBuildConfiguration;
			buildSettings = {
				ASSETCATALOG_COMPILER_APPICON_NAME = AppIcon;
				ASSETCATALOG_COMPILER_GLOBAL_ACCENT_COLOR_NAME = AccentColor;
				CODE_SIGN_ENTITLEMENTS = Forest/Forest.entitlements;
				CODE_SIGN_STYLE = Automatic;
				DEVELOPMENT_TEAM = 7P56K8K4MY;
				ENABLE_PREVIEWS = YES;
				GENERATE_INFOPLIST_FILE = YES;
				INFOPLIST_FILE = Forest/Info.plist;
				INFOPLIST_KEY_LSApplicationCategoryType = "public.app-category.video";
				IPHONEOS_DEPLOYMENT_TARGET = 14.0;
				LD_RUNPATH_SEARCH_PATHS = (
					"$(inherited)",
					"@executable_path/Frameworks",
				);
				MACOSX_DEPLOYMENT_TARGET = 11.0;
				PRODUCT_BUNDLE_IDENTIFIER = null.leptos.Forest;
				PRODUCT_NAME = Forest;
				SDKROOT = iphoneos;
				SUPPORTED_PLATFORMS = "iphoneos iphonesimulator macosx";
				SUPPORTS_MACCATALYST = NO;
				SUPPORTS_MAC_DESIGNED_FOR_IPHONE_IPAD = NO;
				SWIFT_VERSION = 5.0;
				TARGETED_DEVICE_FAMILY = "1,2";
			};
			name = Debug;
		};
		FAFE99082650907100FDDD2E /* Release */ = {
			isa = XCBuildConfiguration;
			buildSettings = {
				ASSETCATALOG_COMPILER_APPICON_NAME = AppIcon;
				ASSETCATALOG_COMPILER_GLOBAL_ACCENT_COLOR_NAME = AccentColor;
				CODE_SIGN_ENTITLEMENTS = Forest/Forest.entitlements;
				CODE_SIGN_STYLE = Automatic;
				DEVELOPMENT_TEAM = 7P56K8K4MY;
				ENABLE_PREVIEWS = YES;
				GENERATE_INFOPLIST_FILE = YES;
				INFOPLIST_FILE = Forest/Info.plist;
				INFOPLIST_KEY_LSApplicationCategoryType = "public.app-category.video";
				IPHONEOS_DEPLOYMENT_TARGET = 14.0;
				LD_RUNPATH_SEARCH_PATHS = (
					"$(inherited)",
					"@executable_path/Frameworks",
				);
				MACOSX_DEPLOYMENT_TARGET = 11.0;
				PRODUCT_BUNDLE_IDENTIFIER = null.leptos.Forest;
				PRODUCT_NAME = Forest;
				SDKROOT = iphoneos;
				SUPPORTED_PLATFORMS = "iphoneos iphonesimulator macosx";
				SUPPORTS_MACCATALYST = NO;
				SUPPORTS_MAC_DESIGNED_FOR_IPHONE_IPAD = NO;
				SWIFT_VERSION = 5.0;
				TARGETED_DEVICE_FAMILY = "1,2";
				VALIDATE_PRODUCT = YES;
			};
			name = Release;
		};
/* End XCBuildConfiguration section */

/* Begin XCConfigurationList section */
		FAFE98E92650906F00FDDD2E /* Build configuration list for PBXProject "Forest" */ = {
			isa = XCConfigurationList;
			buildConfigurations = (
				FAFE99042650907100FDDD2E /* Debug */,
				FAFE99052650907100FDDD2E /* Release */,
			);
			defaultConfigurationIsVisible = 0;
			defaultConfigurationName = Release;
		};
		FAFE99062650907100FDDD2E /* Build configuration list for PBXNativeTarget "Forest" */ = {
			isa = XCConfigurationList;
			buildConfigurations = (
				FAFE99072650907100FDDD2E /* Debug */,
				FAFE99082650907100FDDD2E /* Release */,
			);
			defaultConfigurationIsVisible = 0;
			defaultConfigurationName = Release;
		};
/* End XCConfigurationList section */
	};
	rootObject = FAFE98E62650906F00FDDD2E /* Project object */;
}
